
Microsoft Visual Studio Solution File, Format Version 12.00
# Visual Studio Version 16
VisualStudioVersion = 16.0.30114.105
MinimumVisualStudioVersion = 10.0.40219.1
Project("{FAE04EC0-301F-11D3-BF4B-00C04F79EFBC}") = "ATech.SignalR.Streaming.Grpc", "ATech.SignalR.Streaming.Grpc\ATech.SignalR.Streaming.Grpc.csproj", "{9E1DDACD-52DE-4E48-AC8B-5E92E7E27413}"
EndProject
Global
	GlobalSection(SolutionConfigurationPlatforms) = preSolution
		Debug|Any CPU = Debug|Any CPU
		Debug|x64 = Debug|x64
		Debug|x86 = Debug|x86
		Release|Any CPU = Release|Any CPU
		Release|x64 = Release|x64
		Release|x86 = Release|x86
	EndGlobalSection
	GlobalSection(SolutionProperties) = preSolution
		HideSolutionNode = FALSE
	EndGlobalSection
	GlobalSection(ProjectConfigurationPlatforms) = postSolution
		{9E1DDACD-52DE-4E48-AC8B-5E92E7E27413}.Debug|Any CPU.ActiveCfg = Debug|Any CPU
		{9E1DDACD-52DE-4E48-AC8B-5E92E7E27413}.Debug|Any CPU.Build.0 = Debug|Any CPU
		{9E1DDACD-52DE-4E48-AC8B-5E92E7E27413}.Debug|x64.ActiveCfg = Debug|Any CPU
		{9E1DDACD-52DE-4E48-AC8B-5E92E7E27413}.Debug|x64.Build.0 = Debug|Any CPU
		{9E1DDACD-52DE-4E48-AC8B-5E92E7E27413}.Debug|x86.ActiveCfg = Debug|Any CPU
		{9E1DDACD-52DE-4E48-AC8B-5E92E7E27413}.Debug|x86.Build.0 = Debug|Any CPU
		{9E1DDACD-52DE-4E48-AC8B-5E92E7E27413}.Release|Any CPU.ActiveCfg = Release|Any CPU
		{9E1DDACD-52DE-4E48-AC8B-5E92E7E27413}.Release|Any CPU.Build.0 = Release|Any CPU
		{9E1DDACD-52DE-4E48-AC8B-5E92E7E27413}.Release|x64.ActiveCfg = Release|Any CPU
		{9E1DDACD-52DE-4E48-AC8B-5E92E7E27413}.Release|x64.Build.0 = Release|Any CPU
		{9E1DDACD-52DE-4E48-AC8B-5E92E7E27413}.Release|x86.ActiveCfg = Release|Any CPU
		{9E1DDACD-52DE-4E48-AC8B-5E92E7E27413}.Release|x86.Build.0 = Release|Any CPU
		{1BED075E-90FF-41A0-A470-E98ED7A1EDEE}.Debug|Any CPU.ActiveCfg = Debug|Any CPU
		{1BED075E-90FF-41A0-A470-E98ED7A1EDEE}.Debug|Any CPU.Build.0 = Debug|Any CPU
		{1BED075E-90FF-41A0-A470-E98ED7A1EDEE}.Debug|x64.ActiveCfg = Debug|Any CPU
		{1BED075E-90FF-41A0-A470-E98ED7A1EDEE}.Debug|x64.Build.0 = Debug|Any CPU
		{1BED075E-90FF-41A0-A470-E98ED7A1EDEE}.Debug|x86.ActiveCfg = Debug|Any CPU
		{1BED075E-90FF-41A0-A470-E98ED7A1EDEE}.Debug|x86.Build.0 = Debug|Any CPU
		{1BED075E-90FF-41A0-A470-E98ED7A1EDEE}.Release|Any CPU.ActiveCfg = Release|Any CPU
		{1BED075E-90FF-41A0-A470-E98ED7A1EDEE}.Release|Any CPU.Build.0 = Release|Any CPU
		{1BED075E-90FF-41A0-A470-E98ED7A1EDEE}.Release|x64.ActiveCfg = Release|Any CPU
		{1BED075E-90FF-41A0-A470-E98ED7A1EDEE}.Release|x64.Build.0 = Release|Any CPU
		{1BED075E-90FF-41A0-A470-E98ED7A1EDEE}.Release|x86.ActiveCfg = Release|Any CPU
		{1BED075E-90FF-41A0-A470-E98ED7A1EDEE}.Release|x86.Build.0 = Release|Any CPU
	EndGlobalSection
EndGlobal
